
Microsoft Visual Studio Solution File, Format Version 12.00
# Visual Studio Version 17
VisualStudioVersion = 17.3.32929.385
MinimumVisualStudioVersion = 10.0.40219.1
Project("{FAE04EC0-301F-11D3-BF4B-00C04F79EFBC}") = "TourDev", "TourDev\TourDev.csproj", "{105F0956-7D97-4756-8359-9661FF7BB3E0}"
EndProject
Global
	GlobalSection(SolutionConfigurationPlatforms) = preSolution
		Debug|Any CPU = Debug|Any CPU
		Release|Any CPU = Release|Any CPU
	EndGlobalSection
	GlobalSection(ProjectConfigurationPlatforms) = postSolution
		{105F0956-7D97-4756-8359-9661FF7BB3E0}.Debug|Any CPU.ActiveCfg = Debug|Any CPU
		{105F0956-7D97-4756-8359-9661FF7BB3E0}.Debug|Any CPU.Build.0 = Debug|Any CPU
		{105F0956-7D97-4756-8359-9661FF7BB3E0}.Release|Any CPU.ActiveCfg = Release|Any CPU
		{105F0956-7D97-4756-8359-9661FF7BB3E0}.Release|Any CPU.Build.0 = Release|Any CPU
	EndGlobalSection
	GlobalSection(SolutionProperties) = preSolution
		HideSolutionNode = FALSE
	EndGlobalSection
	GlobalSection(ExtensibilityGlobals) = postSolution
		SolutionGuid = {C6DAB832-CE4A-46EB-B7F0-D222D064E59D}
	EndGlobalSection
EndGlobal
